// !$*UTF8*$!
{
	archiveVersion = 1;
	classes = {
	};
	objectVersion = 55;
	objects = {

/* Begin PBXBuildFile section */
		71986DE528B788F700B39C4C /* takemedsApp.swift in Sources */ = {isa = PBXBuildFile; fileRef = 71986DE428B788F700B39C4C /* takemedsApp.swift */; };
		71986DE728B788F700B39C4C /* MedsView.swift in Sources */ = {isa = PBXBuildFile; fileRef = 71986DE628B788F700B39C4C /* MedsView.swift */; };
		71986DE928B788FA00B39C4C /* Assets.xcassets in Resources */ = {isa = PBXBuildFile; fileRef = 71986DE828B788FA00B39C4C /* Assets.xcassets */; };
		71986DEC28B788FA00B39C4C /* Preview Assets.xcassets in Resources */ = {isa = PBXBuildFile; fileRef = 71986DEB28B788FA00B39C4C /* Preview Assets.xcassets */; };
		71986DF528B7932E00B39C4C /* MedsViewModel.swift in Sources */ = {isa = PBXBuildFile; fileRef = 71986DF428B7932E00B39C4C /* MedsViewModel.swift */; };
		71986DF728B794C400B39C4C /* MedsItemModel.swift in Sources */ = {isa = PBXBuildFile; fileRef = 71986DF628B794C400B39C4C /* MedsItemModel.swift */; };
		71986DF928B79A3E00B39C4C /* NewMedView.swift in Sources */ = {isa = PBXBuildFile; fileRef = 71986DF828B79A3E00B39C4C /* NewMedView.swift */; };
		71986DFB28B79AC000B39C4C /* NewMedViewModel.swift in Sources */ = {isa = PBXBuildFile; fileRef = 71986DFA28B79AC000B39C4C /* NewMedViewModel.swift */; };
		71986DFD28B79C6F00B39C4C /* Repository.swift in Sources */ = {isa = PBXBuildFile; fileRef = 71986DFC28B79C6F00B39C4C /* Repository.swift */; };
		71986DFF28B8BDC400B39C4C /* Reminder.swift in Sources */ = {isa = PBXBuildFile; fileRef = 71986DFE28B8BDC400B39C4C /* Reminder.swift */; };
		71986E0228B8C10A00B39C4C /* Dependency.swift in Sources */ = {isa = PBXBuildFile; fileRef = 71986E0128B8C10A00B39C4C /* Dependency.swift */; };
		71986E0628B8D01F00B39C4C /* Utilities.swift in Sources */ = {isa = PBXBuildFile; fileRef = 71986E0528B8D01F00B39C4C /* Utilities.swift */; };
/* End PBXBuildFile section */

/* Begin PBXFileReference section */
		71986DE128B788F700B39C4C /* takemeds.app */ = {isa = PBXFileReference; explicitFileType = wrapper.application; includeInIndex = 0; path = takemeds.app; sourceTree = BUILT_PRODUCTS_DIR; };
		71986DE428B788F700B39C4C /* takemedsApp.swift */ = {isa = PBXFileReference; lastKnownFileType = sourcecode.swift; path = takemedsApp.swift; sourceTree = "<group>"; };
		71986DE628B788F700B39C4C /* MedsView.swift */ = {isa = PBXFileReference; lastKnownFileType = sourcecode.swift; path = MedsView.swift; sourceTree = "<group>"; };
		71986DE828B788FA00B39C4C /* Assets.xcassets */ = {isa = PBXFileReference; lastKnownFileType = folder.assetcatalog; path = Assets.xcassets; sourceTree = "<group>"; };
		71986DEB28B788FA00B39C4C /* Preview Assets.xcassets */ = {isa = PBXFileReference; lastKnownFileType = folder.assetcatalog; path = "Preview Assets.xcassets"; sourceTree = "<group>"; };
		71986DF428B7932E00B39C4C /* MedsViewModel.swift */ = {isa = PBXFileReference; lastKnownFileType = sourcecode.swift; path = MedsViewModel.swift; sourceTree = "<group>"; };
		71986DF628B794C400B39C4C /* MedsItemModel.swift */ = {isa = PBXFileReference; lastKnownFileType = sourcecode.swift; path = MedsItemModel.swift; sourceTree = "<group>"; };
		71986DF828B79A3E00B39C4C /* NewMedView.swift */ = {isa = PBXFileReference; lastKnownFileType = sourcecode.swift; path = NewMedView.swift; sourceTree = "<group>"; };
		71986DFA28B79AC000B39C4C /* NewMedViewModel.swift */ = {isa = PBXFileReference; lastKnownFileType = sourcecode.swift; path = NewMedViewModel.swift; sourceTree = "<group>"; };
		71986DFC28B79C6F00B39C4C /* Repository.swift */ = {isa = PBXFileReference; lastKnownFileType = sourcecode.swift; path = Repository.swift; sourceTree = "<group>"; };
		71986DFE28B8BDC400B39C4C /* Reminder.swift */ = {isa = PBXFileReference; lastKnownFileType = sourcecode.swift; path = Reminder.swift; sourceTree = "<group>"; };
		71986E0128B8C10A00B39C4C /* Dependency.swift */ = {isa = PBXFileReference; lastKnownFileType = sourcecode.swift; path = Dependency.swift; sourceTree = "<group>"; };
		71986E0528B8D01F00B39C4C /* Utilities.swift */ = {isa = PBXFileReference; lastKnownFileType = sourcecode.swift; path = Utilities.swift; sourceTree = "<group>"; };
/* End PBXFileReference section */

/* Begin PBXFrameworksBuildPhase section */
		71986DDE28B788F600B39C4C /* Frameworks */ = {
			isa = PBXFrameworksBuildPhase;
			buildActionMask = 2147483647;
			files = (
			);
			runOnlyForDeploymentPostprocessing = 0;
		};
/* End PBXFrameworksBuildPhase section */

/* Begin PBXGroup section */
		71986DD828B788F600B39C4C = {
			isa = PBXGroup;
			children = (
				71986DE328B788F700B39C4C /* takemeds */,
				71986DE228B788F700B39C4C /* Products */,
			);
			sourceTree = "<group>";
		};
		71986DE228B788F700B39C4C /* Products */ = {
			isa = PBXGroup;
			children = (
				71986DE128B788F700B39C4C /* takemeds.app */,
			);
			name = Products;
			sourceTree = "<group>";
		};
		71986DE328B788F700B39C4C /* takemeds */ = {
			isa = PBXGroup;
			children = (
				71986E0428B8C35D00B39C4C /* Meds */,
				71986E0328B8C33100B39C4C /* NewMed */,
				71986E0028B8BEDC00B39C4C /* Service */,
				71986DE428B788F700B39C4C /* takemedsApp.swift */,
				71986E0528B8D01F00B39C4C /* Utilities.swift */,
				71986DF628B794C400B39C4C /* MedsItemModel.swift */,
				71986E0128B8C10A00B39C4C /* Dependency.swift */,
				71986DE828B788FA00B39C4C /* Assets.xcassets */,
				71986DEA28B788FA00B39C4C /* Preview Content */,
			);
			path = takemeds;
			sourceTree = "<group>";
		};
		71986DEA28B788FA00B39C4C /* Preview Content */ = {
			isa = PBXGroup;
			children = (
				71986DEB28B788FA00B39C4C /* Preview Assets.xcassets */,
			);
			path = "Preview Content";
			sourceTree = "<group>";
		};
		71986E0028B8BEDC00B39C4C /* Service */ = {
			isa = PBXGroup;
			children = (
				71986DFC28B79C6F00B39C4C /* Repository.swift */,
				71986DFE28B8BDC400B39C4C /* Reminder.swift */,
			);
			path = Service;
			sourceTree = "<group>";
		};
		71986E0328B8C33100B39C4C /* NewMed */ = {
			isa = PBXGroup;
			children = (
				71986DFA28B79AC000B39C4C /* NewMedViewModel.swift */,
				71986DF828B79A3E00B39C4C /* NewMedView.swift */,
			);
			path = NewMed;
			sourceTree = "<group>";
		};
		71986E0428B8C35D00B39C4C /* Meds */ = {
			isa = PBXGroup;
			children = (
				71986DE628B788F700B39C4C /* MedsView.swift */,
				71986DF428B7932E00B39C4C /* MedsViewModel.swift */,
			);
			path = Meds;
			sourceTree = "<group>";
		};
/* End PBXGroup section */

/* Begin PBXNativeTarget section */
		71986DE028B788F600B39C4C /* takemeds */ = {
			isa = PBXNativeTarget;
			buildConfigurationList = 71986DEF28B788FA00B39C4C /* Build configuration list for PBXNativeTarget "takemeds" */;
			buildPhases = (
				71986DDD28B788F600B39C4C /* Sources */,
				71986DDE28B788F600B39C4C /* Frameworks */,
				71986DDF28B788F600B39C4C /* Resources */,
			);
			buildRules = (
			);
			dependencies = (
			);
			name = takemeds;
			productName = takemeds;
			productReference = 71986DE128B788F700B39C4C /* takemeds.app */;
			productType = "com.apple.product-type.application";
		};
/* End PBXNativeTarget section */

/* Begin PBXProject section */
		71986DD928B788F600B39C4C /* Project object */ = {
			isa = PBXProject;
			attributes = {
				BuildIndependentTargetsInParallel = 1;
				LastSwiftUpdateCheck = 1340;
				LastUpgradeCheck = 1340;
				TargetAttributes = {
					71986DE028B788F600B39C4C = {
						CreatedOnToolsVersion = 13.4.1;
					};
				};
			};
			buildConfigurationList = 71986DDC28B788F600B39C4C /* Build configuration list for PBXProject "takemeds" */;
			compatibilityVersion = "Xcode 13.0";
			developmentRegion = en;
			hasScannedForEncodings = 0;
			knownRegions = (
				en,
				Base,
			);
			mainGroup = 71986DD828B788F600B39C4C;
			productRefGroup = 71986DE228B788F700B39C4C /* Products */;
			projectDirPath = "";
			projectRoot = "";
			targets = (
				71986DE028B788F600B39C4C /* takemeds */,
			);
		};
/* End PBXProject section */

/* Begin PBXResourcesBuildPhase section */
		71986DDF28B788F600B39C4C /* Resources */ = {
			isa = PBXResourcesBuildPhase;
			buildActionMask = 2147483647;
			files = (
				71986DEC28B788FA00B39C4C /* Preview Assets.xcassets in Resources */,
				71986DE928B788FA00B39C4C /* Assets.xcassets in Resources */,
			);
			runOnlyForDeploymentPostprocessing = 0;
		};
/* End PBXResourcesBuildPhase section */

/* Begin PBXSourcesBuildPhase section */
		71986DDD28B788F600B39C4C /* Sources */ = {
			isa = PBXSourcesBuildPhase;
			buildActionMask = 2147483647;
			files = (
				71986DFD28B79C6F00B39C4C /* Repository.swift in Sources */,
				71986DFF28B8BDC400B39C4C /* Reminder.swift in Sources */,
				71986DF728B794C400B39C4C /* MedsItemModel.swift in Sources */,
				71986E0228B8C10A00B39C4C /* Dependency.swift in Sources */,
				71986DF928B79A3E00B39C4C /* NewMedView.swift in Sources */,
				71986DE728B788F700B39C4C /* MedsView.swift in Sources */,
				71986DE528B788F700B39C4C /* takemedsApp.swift in Sources */,
				71986DFB28B79AC000B39C4C /* NewMedViewModel.swift in Sources */,
				71986E0628B8D01F00B39C4C /* Utilities.swift in Sources */,
				71986DF528B7932E00B39C4C /* MedsViewModel.swift in Sources */,
			);
			runOnlyForDeploymentPostprocessing = 0;
		};
/* End PBXSourcesBuildPhase section */

/* Begin XCBuildConfiguration section */
		71986DED28B788FA00B39C4C /* Debug */ = {
			isa = XCBuildConfiguration;
			buildSettings = {
				ALWAYS_SEARCH_USER_PATHS = NO;
				CLANG_ANALYZER_NONNULL = YES;
				CLANG_ANALYZER_NUMBER_OBJECT_CONVERSION = YES_AGGRESSIVE;
				CLANG_CXX_LANGUAGE_STANDARD = "gnu++17";
				CLANG_ENABLE_MODULES = YES;
				CLANG_ENABLE_OBJC_ARC = YES;
				CLANG_ENABLE_OBJC_WEAK = YES;
				CLANG_WARN_BLOCK_CAPTURE_AUTORELEASING = YES;
				CLANG_WARN_BOOL_CONVERSION = YES;
				CLANG_WARN_COMMA = YES;
				CLANG_WARN_CONSTANT_CONVERSION = YES;
				CLANG_WARN_DEPRECATED_OBJC_IMPLEMENTATIONS = YES;
				CLANG_WARN_DIRECT_OBJC_ISA_USAGE = YES_ERROR;
				CLANG_WARN_DOCUMENTATION_COMMENTS = YES;
				CLANG_WARN_EMPTY_BODY = YES;
				CLANG_WARN_ENUM_CONVERSION = YES;
				CLANG_WARN_INFINITE_RECURSION = YES;
				CLANG_WARN_INT_CONVERSION = YES;
				CLANG_WARN_NON_LITERAL_NULL_CONVERSION = YES;
				CLANG_WARN_OBJC_IMPLICIT_RETAIN_SELF = YES;
				CLANG_WARN_OBJC_LITERAL_CONVERSION = YES;
				CLANG_WARN_OBJC_ROOT_CLASS = YES_ERROR;
				CLANG_WARN_QUOTED_INCLUDE_IN_FRAMEWORK_HEADER = YES;
				CLANG_WARN_RANGE_LOOP_ANALYSIS = YES;
				CLANG_WARN_STRICT_PROTOTYPES = YES;
				CLANG_WARN_SUSPICIOUS_MOVE = YES;
				CLANG_WARN_UNGUARDED_AVAILABILITY = YES_AGGRESSIVE;
				CLANG_WARN_UNREACHABLE_CODE = YES;
				CLANG_WARN__DUPLICATE_METHOD_MATCH = YES;
				COPY_PHASE_STRIP = NO;
				DEBUG_INFORMATION_FORMAT = dwarf;
				ENABLE_STRICT_OBJC_MSGSEND = YES;
				ENABLE_TESTABILITY = YES;
				GCC_C_LANGUAGE_STANDARD = gnu11;
				GCC_DYNAMIC_NO_PIC = NO;
				GCC_NO_COMMON_BLOCKS = YES;
				GCC_OPTIMIZATION_LEVEL = 0;
				GCC_PREPROCESSOR_DEFINITIONS = (
					"DEBUG=1",
					"$(inherited)",
				);
				GCC_WARN_64_TO_32_BIT_CONVERSION = YES;
				GCC_WARN_ABOUT_RETURN_TYPE = YES_ERROR;
				GCC_WARN_UNDECLARED_SELECTOR = YES;
				GCC_WARN_UNINITIALIZED_AUTOS = YES_AGGRESSIVE;
				GCC_WARN_UNUSED_FUNCTION = YES;
				GCC_WARN_UNUSED_VARIABLE = YES;
				IPHONEOS_DEPLOYMENT_TARGET = 15.5;
				MTL_ENABLE_DEBUG_INFO = INCLUDE_SOURCE;
				MTL_FAST_MATH = YES;
				ONLY_ACTIVE_ARCH = YES;
				SDKROOT = iphoneos;
				SWIFT_ACTIVE_COMPILATION_CONDITIONS = DEBUG;
				SWIFT_OPTIMIZATION_LEVEL = "-Onone";
			};
			name = Debug;
		};
		71986DEE28B788FA00B39C4C /* Release */ = {
			isa = XCBuildConfiguration;
			buildSettings = {
				ALWAYS_SEARCH_USER_PATHS = NO;
				CLANG_ANALYZER_NONNULL = YES;
				CLANG_ANALYZER_NUMBER_OBJECT_CONVERSION = YES_AGGRESSIVE;
				CLANG_CXX_LANGUAGE_STANDARD = "gnu++17";
				CLANG_ENABLE_MODULES = YES;
				CLANG_ENABLE_OBJC_ARC = YES;
				CLANG_ENABLE_OBJC_WEAK = YES;
				CLANG_WARN_BLOCK_CAPTURE_AUTORELEASING = YES;
				CLANG_WARN_BOOL_CONVERSION = YES;
				CLANG_WARN_COMMA = YES;
				CLANG_WARN_CONSTANT_CONVERSION = YES;
				CLANG_WARN_DEPRECATED_OBJC_IMPLEMENTATIONS = YES;
				CLANG_WARN_DIRECT_OBJC_ISA_USAGE = YES_ERROR;
				CLANG_WARN_DOCUMENTATION_COMMENTS = YES;
				CLANG_WARN_EMPTY_BODY = YES;
				CLANG_WARN_ENUM_CONVERSION = YES;
				CLANG_WARN_INFINITE_RECURSION = YES;
				CLANG_WARN_INT_CONVERSION = YES;
				CLANG_WARN_NON_LITERAL_NULL_CONVERSION = YES;
				CLANG_WARN_OBJC_IMPLICIT_RETAIN_SELF = YES;
				CLANG_WARN_OBJC_LITERAL_CONVERSION = YES;
				CLANG_WARN_OBJC_ROOT_CLASS = YES_ERROR;
				CLANG_WARN_QUOTED_INCLUDE_IN_FRAMEWORK_HEADER = YES;
				CLANG_WARN_RANGE_LOOP_ANALYSIS = YES;
				CLANG_WARN_STRICT_PROTOTYPES = YES;
				CLANG_WARN_SUSPICIOUS_MOVE = YES;
				CLANG_WARN_UNGUARDED_AVAILABILITY = YES_AGGRESSIVE;
				CLANG_WARN_UNREACHABLE_CODE = YES;
				CLANG_WARN__DUPLICATE_METHOD_MATCH = YES;
				COPY_PHASE_STRIP = NO;
				DEBUG_INFORMATION_FORMAT = "dwarf-with-dsym";
				ENABLE_NS_ASSERTIONS = NO;
				ENABLE_STRICT_OBJC_MSGSEND = YES;
				GCC_C_LANGUAGE_STANDARD = gnu11;
				GCC_NO_COMMON_BLOCKS = YES;
				GCC_WARN_64_TO_32_BIT_CONVERSION = YES;
				GCC_WARN_ABOUT_RETURN_TYPE = YES_ERROR;
				GCC_WARN_UNDECLARED_SELECTOR = YES;
				GCC_WARN_UNINITIALIZED_AUTOS = YES_AGGRESSIVE;
				GCC_WARN_UNUSED_FUNCTION = YES;
				GCC_WARN_UNUSED_VARIABLE = YES;
				IPHONEOS_DEPLOYMENT_TARGET = 15.5;
				MTL_ENABLE_DEBUG_INFO = NO;
				MTL_FAST_MATH = YES;
				SDKROOT = iphoneos;
				SWIFT_COMPILATION_MODE = wholemodule;
				SWIFT_OPTIMIZATION_LEVEL = "-O";
				VALIDATE_PRODUCT = YES;
			};
			name = Release;
		};
		71986DF028B788FA00B39C4C /* Debug */ = {
			isa = XCBuildConfiguration;
			buildSettings = {
				ASSETCATALOG_COMPILER_APPICON_NAME = AppIcon;
				ASSETCATALOG_COMPILER_GLOBAL_ACCENT_COLOR_NAME = AccentColor;
				CODE_SIGN_STYLE = Automatic;
				CURRENT_PROJECT_VERSION = 1;
				DEVELOPMENT_ASSET_PATHS = "\"takemeds/Preview Content\"";
				DEVELOPMENT_TEAM = 4AW3ZWSN4J;
				ENABLE_PREVIEWS = YES;
				GENERATE_INFOPLIST_FILE = YES;
				INFOPLIST_KEY_UIApplicationSceneManifest_Generation = YES;
				INFOPLIST_KEY_UIApplicationSupportsIndirectInputEvents = YES;
				INFOPLIST_KEY_UILaunchScreen_Generation = YES;
				INFOPLIST_KEY_UISupportedInterfaceOrientations_iPad = "UIInterfaceOrientationPortrait UIInterfaceOrientationPortraitUpsideDown UIInterfaceOrientationLandscapeLeft UIInterfaceOrientationLandscapeRight";
				INFOPLIST_KEY_UISupportedInterfaceOrientations_iPhone = "UIInterfaceOrientationPortrait UIInterfaceOrientationLandscapeLeft UIInterfaceOrientationLandscapeRight";
				LD_RUNPATH_SEARCH_PATHS = (
					"$(inherited)",
					"@executable_path/Frameworks",
				);
				MARKETING_VERSION = 1.0;
				PRODUCT_BUNDLE_IDENTIFIER = com.ebulavina.takemeds;
				PRODUCT_NAME = "$(TARGET_NAME)";
				SWIFT_EMIT_LOC_STRINGS = YES;
				SWIFT_VERSION = 5.0;
				TARGETED_DEVICE_FAMILY = "1,2";
			};
			name = Debug;
		};
		71986DF128B788FA00B39C4C /* Release */ = {
			isa = XCBuildConfiguration;
			buildSettings = {
				ASSETCATALOG_COMPILER_APPICON_NAME = AppIcon;
				ASSETCATALOG_COMPILER_GLOBAL_ACCENT_COLOR_NAME = AccentColor;
				CODE_SIGN_STYLE = Automatic;
				CURRENT_PROJECT_VERSION = 1;
				DEVELOPMENT_ASSET_PATHS = "\"takemeds/Preview Content\"";
				DEVELOPMENT_TEAM = 4AW3ZWSN4J;
				ENABLE_PREVIEWS = YES;
				GENERATE_INFOPLIST_FILE = YES;
				INFOPLIST_KEY_UIApplicationSceneManifest_Generation = YES;
				INFOPLIST_KEY_UIApplicationSupportsIndirectInputEvents = YES;
				INFOPLIST_KEY_UILaunchScreen_Generation = YES;
				INFOPLIST_KEY_UISupportedInterfaceOrientations_iPad = "UIInterfaceOrientationPortrait UIInterfaceOrientationPortraitUpsideDown UIInterfaceOrientationLandscapeLeft UIInterfaceOrientationLandscapeRight";
				INFOPLIST_KEY_UISupportedInterfaceOrientations_iPhone = "UIInterfaceOrientationPortrait UIInterfaceOrientationLandscapeLeft UIInterfaceOrientationLandscapeRight";
				LD_RUNPATH_SEARCH_PATHS = (
					"$(inherited)",
					"@executable_path/Frameworks",
				);
				MARKETING_VERSION = 1.0;
				PRODUCT_BUNDLE_IDENTIFIER = com.ebulavina.takemeds;
				PRODUCT_NAME = "$(TARGET_NAME)";
				SWIFT_EMIT_LOC_STRINGS = YES;
				SWIFT_VERSION = 5.0;
				TARGETED_DEVICE_FAMILY = "1,2";
			};
			name = Release;
		};
/* End XCBuildConfiguration section */

/* Begin XCConfigurationList section */
		71986DDC28B788F600B39C4C /* Build configuration list for PBXProject "takemeds" */ = {
			isa = XCConfigurationList;
			buildConfigurations = (
				71986DED28B788FA00B39C4C /* Debug */,
				71986DEE28B788FA00B39C4C /* Release */,
			);
			defaultConfigurationIsVisible = 0;
			defaultConfigurationName = Release;
		};
		71986DEF28B788FA00B39C4C /* Build configuration list for PBXNativeTarget "takemeds" */ = {
			isa = XCConfigurationList;
			buildConfigurations = (
				71986DF028B788FA00B39C4C /* Debug */,
				71986DF128B788FA00B39C4C /* Release */,
			);
			defaultConfigurationIsVisible = 0;
			defaultConfigurationName = Release;
		};
/* End XCConfigurationList section */
	};
	rootObject = 71986DD928B788F600B39C4C /* Project object */;
}
